
Microsoft Visual Studio Solution File, Format Version 12.00
# Visual Studio 15
VisualStudioVersion = 15.0.28307.168
MinimumVisualStudioVersion = 10.0.40219.1
Project("{2150E333-8FDC-42A3-9474-1A3956D46DE8}") = "_", "_", "{21E13524-78D6-4DB2-90ED-69AF5C873D48}"
	ProjectSection(SolutionItems) = preProject
		.gitignore = .gitignore
		CODE_OF_CONDUCT.md = CODE_OF_CONDUCT.md
		LICENSE = LICENSE
		README.md = README.md
	EndProjectSection
EndProject
Project("{2150E333-8FDC-42A3-9474-1A3956D46DE8}") = "PoC", "PoC", "{033F0D89-7136-46EF-AB62-186ED758751C}"
EndProject
Project("{FAE04EC0-301F-11D3-BF4B-00C04F79EFBC}") = "MmdcPoc", "PoC\MmdcPoc\MmdcPoc.csproj", "{C17D80D1-FBF0-4FD1-A7D6-89775F9B5670}"
EndProject
Project("{FAE04EC0-301F-11D3-BF4B-00C04F79EFBC}") = "Altairis.Mmdc.DisplayDriver", "Altairis.Mmdc.DisplayDriver\Altairis.Mmdc.DisplayDriver.csproj", "{83F649C4-4A58-4A48-887F-22EDF330F850}"
EndProject
Global
	GlobalSection(SolutionConfigurationPlatforms) = preSolution
		Debug|Any CPU = Debug|Any CPU
		Debug|x86 = Debug|x86
		Release|Any CPU = Release|Any CPU
		Release|x86 = Release|x86
	EndGlobalSection
	GlobalSection(ProjectConfigurationPlatforms) = postSolution
		{C17D80D1-FBF0-4FD1-A7D6-89775F9B5670}.Debug|Any CPU.ActiveCfg = Debug|Any CPU
		{C17D80D1-FBF0-4FD1-A7D6-89775F9B5670}.Debug|Any CPU.Build.0 = Debug|Any CPU
		{C17D80D1-FBF0-4FD1-A7D6-89775F9B5670}.Debug|x86.ActiveCfg = Debug|Any CPU
		{C17D80D1-FBF0-4FD1-A7D6-89775F9B5670}.Debug|x86.Build.0 = Debug|Any CPU
		{C17D80D1-FBF0-4FD1-A7D6-89775F9B5670}.Release|Any CPU.ActiveCfg = Release|Any CPU
		{C17D80D1-FBF0-4FD1-A7D6-89775F9B5670}.Release|Any CPU.Build.0 = Release|Any CPU
		{C17D80D1-FBF0-4FD1-A7D6-89775F9B5670}.Release|x86.ActiveCfg = Release|Any CPU
		{C17D80D1-FBF0-4FD1-A7D6-89775F9B5670}.Release|x86.Build.0 = Release|Any CPU
		{83F649C4-4A58-4A48-887F-22EDF330F850}.Debug|Any CPU.ActiveCfg = Debug|Any CPU
		{83F649C4-4A58-4A48-887F-22EDF330F850}.Debug|Any CPU.Build.0 = Debug|Any CPU
		{83F649C4-4A58-4A48-887F-22EDF330F850}.Debug|x86.ActiveCfg = Debug|Any CPU
		{83F649C4-4A58-4A48-887F-22EDF330F850}.Debug|x86.Build.0 = Debug|Any CPU
		{83F649C4-4A58-4A48-887F-22EDF330F850}.Release|Any CPU.ActiveCfg = Release|Any CPU
		{83F649C4-4A58-4A48-887F-22EDF330F850}.Release|Any CPU.Build.0 = Release|Any CPU
		{83F649C4-4A58-4A48-887F-22EDF330F850}.Release|x86.ActiveCfg = Release|Any CPU
		{83F649C4-4A58-4A48-887F-22EDF330F850}.Release|x86.Build.0 = Release|Any CPU
	EndGlobalSection
	GlobalSection(SolutionProperties) = preSolution
		HideSolutionNode = FALSE
	EndGlobalSection
	GlobalSection(NestedProjects) = preSolution
		{C17D80D1-FBF0-4FD1-A7D6-89775F9B5670} = {033F0D89-7136-46EF-AB62-186ED758751C}
	EndGlobalSection
	GlobalSection(ExtensibilityGlobals) = postSolution
		SolutionGuid = {754FC112-9AEF-49D5-8A95-E2B2AEBB56A3}
	EndGlobalSection
EndGlobal
